
Microsoft Visual Studio Solution File, Format Version 12.00
# Visual Studio 15
VisualStudioVersion = 15.0.28307.705
MinimumVisualStudioVersion = 10.0.40219.1
Project("{FAE04EC0-301F-11D3-BF4B-00C04F79EFBC}") = "MultiConnections", "MultiConnections\MultiConnections.csproj", "{00EEB91A-1BE9-450F-8E48-83A01ED6BC21}"
EndProject
Project("{FAE04EC0-301F-11D3-BF4B-00C04F79EFBC}") = "ClassLibraryServer", "ClassLibraryServer\ClassLibraryServer.csproj", "{DEAB6336-D48A-49EF-972A-BFA71F84459A}"
EndProject
Global
	GlobalSection(SolutionConfigurationPlatforms) = preSolution
		Debug|Any CPU = Debug|Any CPU
		Release|Any CPU = Release|Any CPU
	EndGlobalSection
	GlobalSection(ProjectConfigurationPlatforms) = postSolution
		{00EEB91A-1BE9-450F-8E48-83A01ED6BC21}.Debug|Any CPU.ActiveCfg = Debug|Any CPU
		{00EEB91A-1BE9-450F-8E48-83A01ED6BC21}.Debug|Any CPU.Build.0 = Debug|Any CPU
		{00EEB91A-1BE9-450F-8E48-83A01ED6BC21}.Release|Any CPU.ActiveCfg = Release|Any CPU
		{00EEB91A-1BE9-450F-8E48-83A01ED6BC21}.Release|Any CPU.Build.0 = Release|Any CPU
		{DEAB6336-D48A-49EF-972A-BFA71F84459A}.Debug|Any CPU.ActiveCfg = Debug|Any CPU
		{DEAB6336-D48A-49EF-972A-BFA71F84459A}.Debug|Any CPU.Build.0 = Debug|Any CPU
		{DEAB6336-D48A-49EF-972A-BFA71F84459A}.Release|Any CPU.ActiveCfg = Release|Any CPU
		{DEAB6336-D48A-49EF-972A-BFA71F84459A}.Release|Any CPU.Build.0 = Release|Any CPU
	EndGlobalSection
	GlobalSection(SolutionProperties) = preSolution
		HideSolutionNode = FALSE
	EndGlobalSection
	GlobalSection(ExtensibilityGlobals) = postSolution
		SolutionGuid = {7D1D512A-5191-4F94-A020-83EA6200DE7C}
	EndGlobalSection
EndGlobal
